
Microsoft Visual Studio Solution File, Format Version 12.00
# Visual Studio Version 16
VisualStudioVersion = 16.0.29424.173
MinimumVisualStudioVersion = 10.0.40219.1
Project("{9A19103F-16F7-4668-BE54-9A1E7A4F7556}") = "Tasq", "Tasq\Tasq.csproj", "{FFBF8FE9-8272-4126-AB68-C53B45D4E9CD}"
EndProject
Project("{9A19103F-16F7-4668-BE54-9A1E7A4F7556}") = "Contracts", "Contracts\Contracts.csproj", "{470FEC32-80F5-4388-BA9F-10097F915723}"
EndProject
Project("{9A19103F-16F7-4668-BE54-9A1E7A4F7556}") = "LoggerService", "LoggerService\LoggerService.csproj", "{554701C6-CCFD-4FA2-86D8-708C76A5B726}"
EndProject
Project("{FAE04EC0-301F-11D3-BF4B-00C04F79EFBC}") = "Entities", "Entities\Entities.csproj", "{806C0086-BE6B-472B-9280-73C8E145EAC2}"
EndProject
Global
	GlobalSection(SolutionConfigurationPlatforms) = preSolution
		Debug|Any CPU = Debug|Any CPU
		Release|Any CPU = Release|Any CPU
	EndGlobalSection
	GlobalSection(ProjectConfigurationPlatforms) = postSolution
		{FFBF8FE9-8272-4126-AB68-C53B45D4E9CD}.Debug|Any CPU.ActiveCfg = Debug|Any CPU
		{FFBF8FE9-8272-4126-AB68-C53B45D4E9CD}.Debug|Any CPU.Build.0 = Debug|Any CPU
		{FFBF8FE9-8272-4126-AB68-C53B45D4E9CD}.Release|Any CPU.ActiveCfg = Release|Any CPU
		{FFBF8FE9-8272-4126-AB68-C53B45D4E9CD}.Release|Any CPU.Build.0 = Release|Any CPU
		{470FEC32-80F5-4388-BA9F-10097F915723}.Debug|Any CPU.ActiveCfg = Debug|Any CPU
		{470FEC32-80F5-4388-BA9F-10097F915723}.Debug|Any CPU.Build.0 = Debug|Any CPU
		{470FEC32-80F5-4388-BA9F-10097F915723}.Release|Any CPU.ActiveCfg = Release|Any CPU
		{470FEC32-80F5-4388-BA9F-10097F915723}.Release|Any CPU.Build.0 = Release|Any CPU
		{554701C6-CCFD-4FA2-86D8-708C76A5B726}.Debug|Any CPU.ActiveCfg = Debug|Any CPU
		{554701C6-CCFD-4FA2-86D8-708C76A5B726}.Debug|Any CPU.Build.0 = Debug|Any CPU
		{554701C6-CCFD-4FA2-86D8-708C76A5B726}.Release|Any CPU.ActiveCfg = Release|Any CPU
		{554701C6-CCFD-4FA2-86D8-708C76A5B726}.Release|Any CPU.Build.0 = Release|Any CPU
		{806C0086-BE6B-472B-9280-73C8E145EAC2}.Debug|Any CPU.ActiveCfg = Debug|Any CPU
		{806C0086-BE6B-472B-9280-73C8E145EAC2}.Debug|Any CPU.Build.0 = Debug|Any CPU
		{806C0086-BE6B-472B-9280-73C8E145EAC2}.Release|Any CPU.ActiveCfg = Release|Any CPU
		{806C0086-BE6B-472B-9280-73C8E145EAC2}.Release|Any CPU.Build.0 = Release|Any CPU
	EndGlobalSection
	GlobalSection(SolutionProperties) = preSolution
		HideSolutionNode = FALSE
	EndGlobalSection
	GlobalSection(ExtensibilityGlobals) = postSolution
		SolutionGuid = {E99B777F-848B-43BE-8B9D-ED59F1E1CE13}
	EndGlobalSection
EndGlobal
